// !$*UTF8*$!
{
	archiveVersion = 1;
	classes = {
	};
	objectVersion = 46;
	objects = {

/* Begin PBXBuildFile section */
		E207254D1ED1F449009A0F10 /* AppDelegate.swift in Sources */ = {isa = PBXBuildFile; fileRef = E207254C1ED1F449009A0F10 /* AppDelegate.swift */; };
		E207254F1ED1F449009A0F10 /* TasksViewController.swift in Sources */ = {isa = PBXBuildFile; fileRef = E207254E1ED1F449009A0F10 /* TasksViewController.swift */; };
		E20725521ED1F449009A0F10 /* Main.storyboard in Resources */ = {isa = PBXBuildFile; fileRef = E20725501ED1F449009A0F10 /* Main.storyboard */; };
		E20725551ED1F449009A0F10 /* Freaking657.xcdatamodeld in Sources */ = {isa = PBXBuildFile; fileRef = E20725531ED1F449009A0F10 /* Freaking657.xcdatamodeld */; };
		E20725571ED1F449009A0F10 /* Assets.xcassets in Resources */ = {isa = PBXBuildFile; fileRef = E20725561ED1F449009A0F10 /* Assets.xcassets */; };
		E207255A1ED1F449009A0F10 /* LaunchScreen.storyboard in Resources */ = {isa = PBXBuildFile; fileRef = E20725581ED1F449009A0F10 /* LaunchScreen.storyboard */; };
		E2A8F3F91ED30D55004311A2 /* CreateTaskViewController.swift in Sources */ = {isa = PBXBuildFile; fileRef = E2A8F3F81ED30D55004311A2 /* CreateTaskViewController.swift */; };
		E2E39AA21ED3166F0081B117 /* CompleteTaskViewController.swift in Sources */ = {isa = PBXBuildFile; fileRef = E2E39AA11ED3166F0081B117 /* CompleteTaskViewController.swift */; };
/* End PBXBuildFile section */

/* Begin PBXFileReference section */
		E20725491ED1F449009A0F10 /* Freaking657.app */ = {isa = PBXFileReference; explicitFileType = wrapper.application; includeInIndex = 0; path = Freaking657.app; sourceTree = BUILT_PRODUCTS_DIR; };
		E207254C1ED1F449009A0F10 /* AppDelegate.swift */ = {isa = PBXFileReference; lastKnownFileType = sourcecode.swift; path = AppDelegate.swift; sourceTree = "<group>"; };
		E207254E1ED1F449009A0F10 /* TasksViewController.swift */ = {isa = PBXFileReference; lastKnownFileType = sourcecode.swift; path = TasksViewController.swift; sourceTree = "<group>"; };
		E20725511ED1F449009A0F10 /* Base */ = {isa = PBXFileReference; lastKnownFileType = file.storyboard; name = Base; path = Base.lproj/Main.storyboard; sourceTree = "<group>"; };
		E20725541ED1F449009A0F10 /* Freaking657.xcdatamodel */ = {isa = PBXFileReference; lastKnownFileType = wrapper.xcdatamodel; path = Freaking657.xcdatamodel; sourceTree = "<group>"; };
		E20725561ED1F449009A0F10 /* Assets.xcassets */ = {isa = PBXFileReference; lastKnownFileType = folder.assetcatalog; path = Assets.xcassets; sourceTree = "<group>"; };
		E20725591ED1F449009A0F10 /* Base */ = {isa = PBXFileReference; lastKnownFileType = file.storyboard; name = Base; path = Base.lproj/LaunchScreen.storyboard; sourceTree = "<group>"; };
		E207255B1ED1F449009A0F10 /* Info.plist */ = {isa = PBXFileReference; lastKnownFileType = text.plist.xml; path = Info.plist; sourceTree = "<group>"; };
		E2A8F3F81ED30D55004311A2 /* CreateTaskViewController.swift */ = {isa = PBXFileReference; fileEncoding = 4; lastKnownFileType = sourcecode.swift; path = CreateTaskViewController.swift; sourceTree = "<group>"; };
		E2E39AA11ED3166F0081B117 /* CompleteTaskViewController.swift */ = {isa = PBXFileReference; fileEncoding = 4; lastKnownFileType = sourcecode.swift; path = CompleteTaskViewController.swift; sourceTree = "<group>"; };
/* End PBXFileReference section */

/* Begin PBXFrameworksBuildPhase section */
		E20725461ED1F449009A0F10 /* Frameworks */ = {
			isa = PBXFrameworksBuildPhase;
			buildActionMask = 2147483647;
			files = (
			);
			runOnlyForDeploymentPostprocessing = 0;
		};
/* End PBXFrameworksBuildPhase section */

/* Begin PBXGroup section */
		E20725401ED1F449009A0F10 = {
			isa = PBXGroup;
			children = (
				E207254B1ED1F449009A0F10 /* Freaking657 */,
				E207254A1ED1F449009A0F10 /* Products */,
			);
			sourceTree = "<group>";
		};
		E207254A1ED1F449009A0F10 /* Products */ = {
			isa = PBXGroup;
			children = (
				E20725491ED1F449009A0F10 /* Freaking657.app */,
			);
			name = Products;
			sourceTree = "<group>";
		};
		E207254B1ED1F449009A0F10 /* Freaking657 */ = {
			isa = PBXGroup;
			children = (
				E207254C1ED1F449009A0F10 /* AppDelegate.swift */,
				E207254E1ED1F449009A0F10 /* TasksViewController.swift */,
				E2E39AA11ED3166F0081B117 /* CompleteTaskViewController.swift */,
				E2A8F3F81ED30D55004311A2 /* CreateTaskViewController.swift */,
				E20725501ED1F449009A0F10 /* Main.storyboard */,
				E20725561ED1F449009A0F10 /* Assets.xcassets */,
				E20725581ED1F449009A0F10 /* LaunchScreen.storyboard */,
				E207255B1ED1F449009A0F10 /* Info.plist */,
				E20725531ED1F449009A0F10 /* Freaking657.xcdatamodeld */,
			);
			path = Freaking657;
			sourceTree = "<group>";
		};
/* End PBXGroup section */

/* Begin PBXNativeTarget section */
		E20725481ED1F449009A0F10 /* Freaking657 */ = {
			isa = PBXNativeTarget;
			buildConfigurationList = E207255E1ED1F449009A0F10 /* Build configuration list for PBXNativeTarget "Freaking657" */;
			buildPhases = (
				E20725451ED1F449009A0F10 /* Sources */,
				E20725461ED1F449009A0F10 /* Frameworks */,
				E20725471ED1F449009A0F10 /* Resources */,
			);
			buildRules = (
			);
			dependencies = (
			);
			name = Freaking657;
			productName = Freaking657;
			productReference = E20725491ED1F449009A0F10 /* Freaking657.app */;
			productType = "com.apple.product-type.application";
		};
/* End PBXNativeTarget section */

/* Begin PBXProject section */
		E20725411ED1F449009A0F10 /* Project object */ = {
			isa = PBXProject;
			attributes = {
				LastSwiftUpdateCheck = 0830;
				LastUpgradeCheck = 0830;
				ORGANIZATIONNAME = "Tom Munhoven";
				TargetAttributes = {
					E20725481ED1F449009A0F10 = {
						CreatedOnToolsVersion = 8.3.2;
						ProvisioningStyle = Automatic;
					};
				};
			};
			buildConfigurationList = E20725441ED1F449009A0F10 /* Build configuration list for PBXProject "Freaking657" */;
			compatibilityVersion = "Xcode 3.2";
			developmentRegion = English;
			hasScannedForEncodings = 0;
			knownRegions = (
				en,
				Base,
			);
			mainGroup = E20725401ED1F449009A0F10;
			productRefGroup = E207254A1ED1F449009A0F10 /* Products */;
			projectDirPath = "";
			projectRoot = "";
			targets = (
				E20725481ED1F449009A0F10 /* Freaking657 */,
			);
		};
/* End PBXProject section */

/* Begin PBXResourcesBuildPhase section */
		E20725471ED1F449009A0F10 /* Resources */ = {
			isa = PBXResourcesBuildPhase;
			buildActionMask = 2147483647;
			files = (
				E207255A1ED1F449009A0F10 /* LaunchScreen.storyboard in Resources */,
				E20725571ED1F449009A0F10 /* Assets.xcassets in Resources */,
				E20725521ED1F449009A0F10 /* Main.storyboard in Resources */,
			);
			runOnlyForDeploymentPostprocessing = 0;
		};
/* End PBXResourcesBuildPhase section */

/* Begin PBXSourcesBuildPhase section */
		E20725451ED1F449009A0F10 /* Sources */ = {
			isa = PBXSourcesBuildPhase;
			buildActionMask = 2147483647;
			files = (
				E20725551ED1F449009A0F10 /* Freaking657.xcdatamodeld in Sources */,
				E207254F1ED1F449009A0F10 /* TasksViewController.swift in Sources */,
				E2E39AA21ED3166F0081B117 /* CompleteTaskViewController.swift in Sources */,
				E207254D1ED1F449009A0F10 /* AppDelegate.swift in Sources */,
				E2A8F3F91ED30D55004311A2 /* CreateTaskViewController.swift in Sources */,
			);
			runOnlyForDeploymentPostprocessing = 0;
		};
/* End PBXSourcesBuildPhase section */

/* Begin PBXVariantGroup section */
		E20725501ED1F449009A0F10 /* Main.storyboard */ = {
			isa = PBXVariantGroup;
			children = (
				E20725511ED1F449009A0F10 /* Base */,
			);
			name = Main.storyboard;
			sourceTree = "<group>";
		};
		E20725581ED1F449009A0F10 /* LaunchScreen.storyboard */ = {
			isa = PBXVariantGroup;
			children = (
				E20725591ED1F449009A0F10 /* Base */,
			);
			name = LaunchScreen.storyboard;
			sourceTree = "<group>";
		};
/* End PBXVariantGroup section */

/* Begin XCBuildConfiguration section */
		E207255C1ED1F449009A0F10 /* Debug */ = {
			isa = XCBuildConfiguration;
			buildSettings = {
				ALWAYS_SEARCH_USER_PATHS = NO;
				CLANG_ANALYZER_NONNULL = YES;
				CLANG_ANALYZER_NUMBER_OBJECT_CONVERSION = YES_AGGRESSIVE;
				CLANG_CXX_LANGUAGE_STANDARD = "gnu++0x";
				CLANG_CXX_LIBRARY = "libc++";
				CLANG_ENABLE_MODULES = YES;
				CLANG_ENABLE_OBJC_ARC = YES;
				CLANG_WARN_BOOL_CONVERSION = YES;
				CLANG_WARN_CONSTANT_CONVERSION = YES;
				CLANG_WARN_DIRECT_OBJC_ISA_USAGE = YES_ERROR;
				CLANG_WARN_DOCUMENTATION_COMMENTS = YES;
				CLANG_WARN_EMPTY_BODY = YES;
				CLANG_WARN_ENUM_CONVERSION = YES;
				CLANG_WARN_INFINITE_RECURSION = YES;
				CLANG_WARN_INT_CONVERSION = YES;
				CLANG_WARN_OBJC_ROOT_CLASS = YES_ERROR;
				CLANG_WARN_SUSPICIOUS_MOVE = YES;
				CLANG_WARN_UNREACHABLE_CODE = YES;
				CLANG_WARN__DUPLICATE_METHOD_MATCH = YES;
				"CODE_SIGN_IDENTITY[sdk=iphoneos*]" = "iPhone Developer";
				COPY_PHASE_STRIP = NO;
				DEBUG_INFORMATION_FORMAT = dwarf;
				ENABLE_STRICT_OBJC_MSGSEND = YES;
				ENABLE_TESTABILITY = YES;
				GCC_C_LANGUAGE_STANDARD = gnu99;
				GCC_DYNAMIC_NO_PIC = NO;
				GCC_NO_COMMON_BLOCKS = YES;
				GCC_OPTIMIZATION_LEVEL = 0;
				GCC_PREPROCESSOR_DEFINITIONS = (
					"DEBUG=1",
					"$(inherited)",
				);
				GCC_WARN_64_TO_32_BIT_CONVERSION = YES;
				GCC_WARN_ABOUT_RETURN_TYPE = YES_ERROR;
				GCC_WARN_UNDECLARED_SELECTOR = YES;
				GCC_WARN_UNINITIALIZED_AUTOS = YES_AGGRESSIVE;
				GCC_WARN_UNUSED_FUNCTION = YES;
				GCC_WARN_UNUSED_VARIABLE = YES;
				IPHONEOS_DEPLOYMENT_TARGET = 10.3;
				MTL_ENABLE_DEBUG_INFO = YES;
				ONLY_ACTIVE_ARCH = YES;
				SDKROOT = iphoneos;
				SWIFT_ACTIVE_COMPILATION_CONDITIONS = DEBUG;
				SWIFT_OPTIMIZATION_LEVEL = "-Onone";
				TARGETED_DEVICE_FAMILY = "1,2";
			};
			name = Debug;
		};
		E207255D1ED1F449009A0F10 /* Release */ = {
			isa = XCBuildConfiguration;
			buildSettings = {
				ALWAYS_SEARCH_USER_PATHS = NO;
				CLANG_ANALYZER_NONNULL = YES;
				CLANG_ANALYZER_NUMBER_OBJECT_CONVERSION = YES_AGGRESSIVE;
				CLANG_CXX_LANGUAGE_STANDARD = "gnu++0x";
				CLANG_CXX_LIBRARY = "libc++";
				CLANG_ENABLE_MODULES = YES;
				CLANG_ENABLE_OBJC_ARC = YES;
				CLANG_WARN_BOOL_CONVERSION = YES;
				CLANG_WARN_CONSTANT_CONVERSION = YES;
				CLANG_WARN_DIRECT_OBJC_ISA_USAGE = YES_ERROR;
				CLANG_WARN_DOCUMENTATION_COMMENTS = YES;
				CLANG_WARN_EMPTY_BODY = YES;
				CLANG_WARN_ENUM_CONVERSION = YES;
				CLANG_WARN_INFINITE_RECURSION = YES;
				CLANG_WARN_INT_CONVERSION = YES;
				CLANG_WARN_OBJC_ROOT_CLASS = YES_ERROR;
				CLANG_WARN_SUSPICIOUS_MOVE = YES;
				CLANG_WARN_UNREACHABLE_CODE = YES;
				CLANG_WARN__DUPLICATE_METHOD_MATCH = YES;
				"CODE_SIGN_IDENTITY[sdk=iphoneos*]" = "iPhone Developer";
				COPY_PHASE_STRIP = NO;
				DEBUG_INFORMATION_FORMAT = "dwarf-with-dsym";
				ENABLE_NS_ASSERTIONS = NO;
				ENABLE_STRICT_OBJC_MSGSEND = YES;
				GCC_C_LANGUAGE_STANDARD = gnu99;
				GCC_NO_COMMON_BLOCKS = YES;
				GCC_WARN_64_TO_32_BIT_CONVERSION = YES;
				GCC_WARN_ABOUT_RETURN_TYPE = YES_ERROR;
				GCC_WARN_UNDECLARED_SELECTOR = YES;
				GCC_WARN_UNINITIALIZED_AUTOS = YES_AGGRESSIVE;
				GCC_WARN_UNUSED_FUNCTION = YES;
				GCC_WARN_UNUSED_VARIABLE = YES;
				IPHONEOS_DEPLOYMENT_TARGET = 10.3;
				MTL_ENABLE_DEBUG_INFO = NO;
				SDKROOT = iphoneos;
				SWIFT_OPTIMIZATION_LEVEL = "-Owholemodule";
				TARGETED_DEVICE_FAMILY = "1,2";
				VALIDATE_PRODUCT = YES;
			};
			name = Release;
		};
		E207255F1ED1F449009A0F10 /* Debug */ = {
			isa = XCBuildConfiguration;
			buildSettings = {
				ASSETCATALOG_COMPILER_APPICON_NAME = AppIcon;
				INFOPLIST_FILE = Freaking657/Info.plist;
				LD_RUNPATH_SEARCH_PATHS = "$(inherited) @executable_path/Frameworks";
				PRODUCT_BUNDLE_IDENTIFIER = "Red-Lion.Freaking657";
				PRODUCT_NAME = "$(TARGET_NAME)";
				SWIFT_VERSION = 3.0;
			};
			name = Debug;
		};
		E20725601ED1F449009A0F10 /* Release */ = {
			isa = XCBuildConfiguration;
			buildSettings = {
				ASSETCATALOG_COMPILER_APPICON_NAME = AppIcon;
				INFOPLIST_FILE = Freaking657/Info.plist;
				LD_RUNPATH_SEARCH_PATHS = "$(inherited) @executable_path/Frameworks";
				PRODUCT_BUNDLE_IDENTIFIER = "Red-Lion.Freaking657";
				PRODUCT_NAME = "$(TARGET_NAME)";
				SWIFT_VERSION = 3.0;
			};
			name = Release;
		};
/* End XCBuildConfiguration section */

/* Begin XCConfigurationList section */
		E20725441ED1F449009A0F10 /* Build configuration list for PBXProject "Freaking657" */ = {
			isa = XCConfigurationList;
			buildConfigurations = (
				E207255C1ED1F449009A0F10 /* Debug */,
				E207255D1ED1F449009A0F10 /* Release */,
			);
			defaultConfigurationIsVisible = 0;
			defaultConfigurationName = Release;
		};
		E207255E1ED1F449009A0F10 /* Build configuration list for PBXNativeTarget "Freaking657" */ = {
			isa = XCConfigurationList;
			buildConfigurations = (
				E207255F1ED1F449009A0F10 /* Debug */,
				E20725601ED1F449009A0F10 /* Release */,
			);
			defaultConfigurationIsVisible = 0;
			defaultConfigurationName = Release;
		};
/* End XCConfigurationList section */

/* Begin XCVersionGroup section */
		E20725531ED1F449009A0F10 /* Freaking657.xcdatamodeld */ = {
			isa = XCVersionGroup;
			children = (
				E20725541ED1F449009A0F10 /* Freaking657.xcdatamodel */,
			);
			currentVersion = E20725541ED1F449009A0F10 /* Freaking657.xcdatamodel */;
			path = Freaking657.xcdatamodeld;
			sourceTree = "<group>";
			versionGroupType = wrapper.xcdatamodel;
		};
/* End XCVersionGroup section */
	};
	rootObject = E20725411ED1F449009A0F10 /* Project object */;
}
